// !$*UTF8*$!
{
	archiveVersion = 1;
	classes = {
	};
	objectVersion = 54;
	objects = {

/* Begin PBXBuildFile section */
		00E356F31AD99517003FC87E /* OpenArtTests.m in Sources */ = {isa = PBXBuildFile; fileRef = 00E356F21AD99517003FC87E /* OpenArtTests.m */; };
		13B07FBC1A68108700A75B9A /* AppDelegate.mm in Sources */ = {isa = PBXBuildFile; fileRef = 13B07FB01A68108700A75B9A /* AppDelegate.mm */; };
		13B07FBF1A68108700A75B9A /* Images.xcassets in Resources */ = {isa = PBXBuildFile; fileRef = 13B07FB51A68108700A75B9A /* Images.xcassets */; };
		13B07FC11A68108700A75B9A /* main.m in Sources */ = {isa = PBXBuildFile; fileRef = 13B07FB71A68108700A75B9A /* main.m */; };
		1702283A2ABC8FCA00D22C41 /* Fontisto.ttf in Resources */ = {isa = PBXBuildFile; fileRef = 170228272ABC8FCA00D22C41 /* Fontisto.ttf */; };
		1702283B2ABC8FCA00D22C41 /* Octicons.ttf in Resources */ = {isa = PBXBuildFile; fileRef = 170228282ABC8FCA00D22C41 /* Octicons.ttf */; };
		1702283C2ABC8FCA00D22C41 /* Feather.ttf in Resources */ = {isa = PBXBuildFile; fileRef = 170228292ABC8FCA00D22C41 /* Feather.ttf */; };
		1702283D2ABC8FCA00D22C41 /* FontAwesome6_Regular.ttf in Resources */ = {isa = PBXBuildFile; fileRef = 1702282A2ABC8FCA00D22C41 /* FontAwesome6_Regular.ttf */; };
		1702283E2ABC8FCA00D22C41 /* Entypo.ttf in Resources */ = {isa = PBXBuildFile; fileRef = 1702282B2ABC8FCA00D22C41 /* Entypo.ttf */; };
		1702283F2ABC8FCA00D22C41 /* FontAwesome5_Brands.ttf in Resources */ = {isa = PBXBuildFile; fileRef = 1702282C2ABC8FCA00D22C41 /* FontAwesome5_Brands.ttf */; };
		170228402ABC8FCA00D22C41 /* MaterialCommunityIcons.ttf in Resources */ = {isa = PBXBuildFile; fileRef = 1702282D2ABC8FCA00D22C41 /* MaterialCommunityIcons.ttf */; };
		170228412ABC8FCA00D22C41 /* AntDesign.ttf in Resources */ = {isa = PBXBuildFile; fileRef = 1702282E2ABC8FCA00D22C41 /* AntDesign.ttf */; };
		170228422ABC8FCA00D22C41 /* Foundation.ttf in Resources */ = {isa = PBXBuildFile; fileRef = 1702282F2ABC8FCA00D22C41 /* Foundation.ttf */; };
		170228432ABC8FCA00D22C41 /* Ionicons.ttf in Resources */ = {isa = PBXBuildFile; fileRef = 170228302ABC8FCA00D22C41 /* Ionicons.ttf */; };
		170228442ABC8FCA00D22C41 /* FontAwesome5_Solid.ttf in Resources */ = {isa = PBXBuildFile; fileRef = 170228312ABC8FCA00D22C41 /* FontAwesome5_Solid.ttf */; };
		170228452ABC8FCA00D22C41 /* FontAwesome5_Regular.ttf in Resources */ = {isa = PBXBuildFile; fileRef = 170228322ABC8FCA00D22C41 /* FontAwesome5_Regular.ttf */; };
		170228462ABC8FCA00D22C41 /* FontAwesome.ttf in Resources */ = {isa = PBXBuildFile; fileRef = 170228332ABC8FCA00D22C41 /* FontAwesome.ttf */; };
		170228472ABC8FCA00D22C41 /* Zocial.ttf in Resources */ = {isa = PBXBuildFile; fileRef = 170228342ABC8FCA00D22C41 /* Zocial.ttf */; };
		170228482ABC8FCA00D22C41 /* EvilIcons.ttf in Resources */ = {isa = PBXBuildFile; fileRef = 170228352ABC8FCA00D22C41 /* EvilIcons.ttf */; };
		170228492ABC8FCA00D22C41 /* FontAwesome6_Solid.ttf in Resources */ = {isa = PBXBuildFile; fileRef = 170228362ABC8FCA00D22C41 /* FontAwesome6_Solid.ttf */; };
		1702284A2ABC8FCA00D22C41 /* SimpleLineIcons.ttf in Resources */ = {isa = PBXBuildFile; fileRef = 170228372ABC8FCA00D22C41 /* SimpleLineIcons.ttf */; };
		1702284B2ABC8FCA00D22C41 /* FontAwesome6_Brands.ttf in Resources */ = {isa = PBXBuildFile; fileRef = 170228382ABC8FCA00D22C41 /* FontAwesome6_Brands.ttf */; };
		1702284C2ABC8FCA00D22C41 /* MaterialIcons.ttf in Resources */ = {isa = PBXBuildFile; fileRef = 170228392ABC8FCA00D22C41 /* MaterialIcons.ttf */; };
		2C24884A50DF40C397F6FB2C /* Epilogue-Bold.ttf in Resources */ = {isa = PBXBuildFile; fileRef = DA38C98C7BD74CAE8EBE62FD /* Epilogue-Bold.ttf */; };
		6014BE2A0A0B4355803DCFC8 /* Epilogue-LightItalic.ttf in Resources */ = {isa = PBXBuildFile; fileRef = B0A646C1C60047998E01CB44 /* Epilogue-LightItalic.ttf */; };
		64FDA492B3FB44F6AF9C8143 /* Epilogue-BoldItalic.ttf in Resources */ = {isa = PBXBuildFile; fileRef = 0E174835829B4CFFBE9322E5 /* Epilogue-BoldItalic.ttf */; };
		6C3A29E4654F44C7B45C9676 /* Epilogue-Light.ttf in Resources */ = {isa = PBXBuildFile; fileRef = 131256D3B763429A91321FEE /* Epilogue-Light.ttf */; };
		72EAD569AFC37B289CB77D04 /* libPods-OpenArt.a in Frameworks */ = {isa = PBXBuildFile; fileRef = CD57E3495A468830424EA4BA /* libPods-OpenArt.a */; };
		7A17920CB2024D848DA7D54C /* Epilogue-ExtraBoldItalic.ttf in Resources */ = {isa = PBXBuildFile; fileRef = B3F43BFC1B3B477D86AC9D01 /* Epilogue-ExtraBoldItalic.ttf */; };
		7B81AD28DF434F42A0A26224 /* Epilogue-Thin.ttf in Resources */ = {isa = PBXBuildFile; fileRef = 9AB46E506F4B4B63B6EB599E /* Epilogue-Thin.ttf */; };
		81AB9BB82411601600AC10FF /* LaunchScreen.storyboard in Resources */ = {isa = PBXBuildFile; fileRef = 81AB9BB72411601600AC10FF /* LaunchScreen.storyboard */; };
		83476114451D4C7BBB42DD2A /* Epilogue-BlackItalic.ttf in Resources */ = {isa = PBXBuildFile; fileRef = 8A98BF2F1E90428087CB77A2 /* Epilogue-BlackItalic.ttf */; };
		861C312226AB4CBABBC0A82E /* Epilogue-ThinItalic.ttf in Resources */ = {isa = PBXBuildFile; fileRef = 7C8EAFBC8BBC457BA8CA7E24 /* Epilogue-ThinItalic.ttf */; };
		8691B66A6CF38274C46D1453 /* libPods-OpenArt-OpenArtTests.a in Frameworks */ = {isa = PBXBuildFile; fileRef = F4CAF0A080C699B38FEF845F /* libPods-OpenArt-OpenArtTests.a */; };
		8754AF527B994DF5892C1B7B /* Epilogue-ExtraLight.ttf in Resources */ = {isa = PBXBuildFile; fileRef = B5059E3A9F154203B29D85DF /* Epilogue-ExtraLight.ttf */; };
		9F9E8B61D4674DC1B02C30A6 /* Epilogue-Black.ttf in Resources */ = {isa = PBXBuildFile; fileRef = A68C709904AB4BEAB94A020B /* Epilogue-Black.ttf */; };
		A4CE5582F0CA41A697A1CDC3 /* Epilogue-ExtraLightItalic.ttf in Resources */ = {isa = PBXBuildFile; fileRef = D982ED05E7D844FF84BFA6C8 /* Epilogue-ExtraLightItalic.ttf */; };
		B1F8EB8D8E364F3BB091A862 /* Epilogue-Regular.ttf in Resources */ = {isa = PBXBuildFile; fileRef = 59FD7527F3A44FC291D11D4D /* Epilogue-Regular.ttf */; };
		BA0D48CF60B44F9292BBFFD8 /* Epilogue-ExtraBold.ttf in Resources */ = {isa = PBXBuildFile; fileRef = 6914303CFEBB4A3CA7AD3EAE /* Epilogue-ExtraBold.ttf */; };
		C32A890D1AB54800B4124932 /* Epilogue-MediumItalic.ttf in Resources */ = {isa = PBXBuildFile; fileRef = 0FBEAFF971984117AE664A7B /* Epilogue-MediumItalic.ttf */; };
		C7736EF3BB154623BE65492D /* Epilogue-SemiBoldItalic.ttf in Resources */ = {isa = PBXBuildFile; fileRef = A01A82E106104A36B61BB8E4 /* Epilogue-SemiBoldItalic.ttf */; };
		D003039B671B40CDA9F52CC1 /* Epilogue-Italic.ttf in Resources */ = {isa = PBXBuildFile; fileRef = 8590B6FA50D74491B6750122 /* Epilogue-Italic.ttf */; };
		EE6E446753EE4F42ADE00D78 /* Epilogue-Medium.ttf in Resources */ = {isa = PBXBuildFile; fileRef = 3D2F47BB5AFD48EAB1C5653B /* Epilogue-Medium.ttf */; };
		F2A7565AA51A4141AC71E3BE /* Epilogue-SemiBold.ttf in Resources */ = {isa = PBXBuildFile; fileRef = C80FCFEAA4DD4FF9BD2A5BEE /* Epilogue-SemiBold.ttf */; };
/* End PBXBuildFile section */

/* Begin PBXContainerItemProxy section */
		00E356F41AD99517003FC87E /* PBXContainerItemProxy */ = {
			isa = PBXContainerItemProxy;
			containerPortal = 83CBB9F71A601CBA00E9B192 /* Project object */;
			proxyType = 1;
			remoteGlobalIDString = 13B07F861A680F5B00A75B9A;
			remoteInfo = OpenArt;
		};
/* End PBXContainerItemProxy section */

/* Begin PBXFileReference section */
		00E356EE1AD99517003FC87E /* OpenArtTests.xctest */ = {isa = PBXFileReference; explicitFileType = wrapper.cfbundle; includeInIndex = 0; path = OpenArtTests.xctest; sourceTree = BUILT_PRODUCTS_DIR; };
		00E356F11AD99517003FC87E /* Info.plist */ = {isa = PBXFileReference; lastKnownFileType = text.plist.xml; path = Info.plist; sourceTree = "<group>"; };
		00E356F21AD99517003FC87E /* OpenArtTests.m */ = {isa = PBXFileReference; lastKnownFileType = sourcecode.c.objc; path = OpenArtTests.m; sourceTree = "<group>"; };
		0D579011A6FCF8B1882E08A1 /* Pods-OpenArt-OpenArtTests.debug.xcconfig */ = {isa = PBXFileReference; includeInIndex = 1; lastKnownFileType = text.xcconfig; name = "Pods-OpenArt-OpenArtTests.debug.xcconfig"; path = "Target Support Files/Pods-OpenArt-OpenArtTests/Pods-OpenArt-OpenArtTests.debug.xcconfig"; sourceTree = "<group>"; };
		0E174835829B4CFFBE9322E5 /* Epilogue-BoldItalic.ttf */ = {isa = PBXFileReference; explicitFileType = undefined; fileEncoding = 9; includeInIndex = 0; lastKnownFileType = unknown; name = "Epilogue-BoldItalic.ttf"; path = "../src/assets/fonts/Epilogue-BoldItalic.ttf"; sourceTree = "<group>"; };
		0FBEAFF971984117AE664A7B /* Epilogue-MediumItalic.ttf */ = {isa = PBXFileReference; explicitFileType = undefined; fileEncoding = 9; includeInIndex = 0; lastKnownFileType = unknown; name = "Epilogue-MediumItalic.ttf"; path = "../src/assets/fonts/Epilogue-MediumItalic.ttf"; sourceTree = "<group>"; };
		131256D3B763429A91321FEE /* Epilogue-Light.ttf */ = {isa = PBXFileReference; explicitFileType = undefined; fileEncoding = 9; includeInIndex = 0; lastKnownFileType = unknown; name = "Epilogue-Light.ttf"; path = "../src/assets/fonts/Epilogue-Light.ttf"; sourceTree = "<group>"; };
		13B07F961A680F5B00A75B9A /* OpenArt.app */ = {isa = PBXFileReference; explicitFileType = wrapper.application; includeInIndex = 0; path = OpenArt.app; sourceTree = BUILT_PRODUCTS_DIR; };
		13B07FAF1A68108700A75B9A /* AppDelegate.h */ = {isa = PBXFileReference; fileEncoding = 4; lastKnownFileType = sourcecode.c.h; name = AppDelegate.h; path = OpenArt/AppDelegate.h; sourceTree = "<group>"; };
		13B07FB01A68108700A75B9A /* AppDelegate.mm */ = {isa = PBXFileReference; fileEncoding = 4; lastKnownFileType = sourcecode.cpp.objcpp; name = AppDelegate.mm; path = OpenArt/AppDelegate.mm; sourceTree = "<group>"; };
		13B07FB51A68108700A75B9A /* Images.xcassets */ = {isa = PBXFileReference; lastKnownFileType = folder.assetcatalog; name = Images.xcassets; path = OpenArt/Images.xcassets; sourceTree = "<group>"; };
		13B07FB61A68108700A75B9A /* Info.plist */ = {isa = PBXFileReference; fileEncoding = 4; lastKnownFileType = text.plist.xml; name = Info.plist; path = OpenArt/Info.plist; sourceTree = "<group>"; };
		13B07FB71A68108700A75B9A /* main.m */ = {isa = PBXFileReference; fileEncoding = 4; lastKnownFileType = sourcecode.c.objc; name = main.m; path = OpenArt/main.m; sourceTree = "<group>"; };
		170228272ABC8FCA00D22C41 /* Fontisto.ttf */ = {isa = PBXFileReference; lastKnownFileType = file; path = Fontisto.ttf; sourceTree = "<group>"; };
		170228282ABC8FCA00D22C41 /* Octicons.ttf */ = {isa = PBXFileReference; lastKnownFileType = file; path = Octicons.ttf; sourceTree = "<group>"; };
		170228292ABC8FCA00D22C41 /* Feather.ttf */ = {isa = PBXFileReference; lastKnownFileType = file; path = Feather.ttf; sourceTree = "<group>"; };
		1702282A2ABC8FCA00D22C41 /* FontAwesome6_Regular.ttf */ = {isa = PBXFileReference; lastKnownFileType = file; path = FontAwesome6_Regular.ttf; sourceTree = "<group>"; };
		1702282B2ABC8FCA00D22C41 /* Entypo.ttf */ = {isa = PBXFileReference; lastKnownFileType = file; path = Entypo.ttf; sourceTree = "<group>"; };
		1702282C2ABC8FCA00D22C41 /* FontAwesome5_Brands.ttf */ = {isa = PBXFileReference; lastKnownFileType = file; path = FontAwesome5_Brands.ttf; sourceTree = "<group>"; };
		1702282D2ABC8FCA00D22C41 /* MaterialCommunityIcons.ttf */ = {isa = PBXFileReference; lastKnownFileType = file; path = MaterialCommunityIcons.ttf; sourceTree = "<group>"; };
		1702282E2ABC8FCA00D22C41 /* AntDesign.ttf */ = {isa = PBXFileReference; lastKnownFileType = file; path = AntDesign.ttf; sourceTree = "<group>"; };
		1702282F2ABC8FCA00D22C41 /* Foundation.ttf */ = {isa = PBXFileReference; lastKnownFileType = file; path = Foundation.ttf; sourceTree = "<group>"; };
		170228302ABC8FCA00D22C41 /* Ionicons.ttf */ = {isa = PBXFileReference; lastKnownFileType = file; path = Ionicons.ttf; sourceTree = "<group>"; };
		170228312ABC8FCA00D22C41 /* FontAwesome5_Solid.ttf */ = {isa = PBXFileReference; lastKnownFileType = file; path = FontAwesome5_Solid.ttf; sourceTree = "<group>"; };
		170228322ABC8FCA00D22C41 /* FontAwesome5_Regular.ttf */ = {isa = PBXFileReference; lastKnownFileType = file; path = FontAwesome5_Regular.ttf; sourceTree = "<group>"; };
		170228332ABC8FCA00D22C41 /* FontAwesome.ttf */ = {isa = PBXFileReference; lastKnownFileType = file; path = FontAwesome.ttf; sourceTree = "<group>"; };
		170228342ABC8FCA00D22C41 /* Zocial.ttf */ = {isa = PBXFileReference; lastKnownFileType = file; path = Zocial.ttf; sourceTree = "<group>"; };
		170228352ABC8FCA00D22C41 /* EvilIcons.ttf */ = {isa = PBXFileReference; lastKnownFileType = file; path = EvilIcons.ttf; sourceTree = "<group>"; };
		170228362ABC8FCA00D22C41 /* FontAwesome6_Solid.ttf */ = {isa = PBXFileReference; lastKnownFileType = file; path = FontAwesome6_Solid.ttf; sourceTree = "<group>"; };
		170228372ABC8FCA00D22C41 /* SimpleLineIcons.ttf */ = {isa = PBXFileReference; lastKnownFileType = file; path = SimpleLineIcons.ttf; sourceTree = "<group>"; };
		170228382ABC8FCA00D22C41 /* FontAwesome6_Brands.ttf */ = {isa = PBXFileReference; lastKnownFileType = file; path = FontAwesome6_Brands.ttf; sourceTree = "<group>"; };
		170228392ABC8FCA00D22C41 /* MaterialIcons.ttf */ = {isa = PBXFileReference; lastKnownFileType = file; path = MaterialIcons.ttf; sourceTree = "<group>"; };
		3D2F47BB5AFD48EAB1C5653B /* Epilogue-Medium.ttf */ = {isa = PBXFileReference; explicitFileType = undefined; fileEncoding = 9; includeInIndex = 0; lastKnownFileType = unknown; name = "Epilogue-Medium.ttf"; path = "../src/assets/fonts/Epilogue-Medium.ttf"; sourceTree = "<group>"; };
		59FD7527F3A44FC291D11D4D /* Epilogue-Regular.ttf */ = {isa = PBXFileReference; explicitFileType = undefined; fileEncoding = 9; includeInIndex = 0; lastKnownFileType = unknown; name = "Epilogue-Regular.ttf"; path = "../src/assets/fonts/Epilogue-Regular.ttf"; sourceTree = "<group>"; };
		631FDEF73AA868CD744B2AD0 /* Pods-OpenArt-OpenArtTests.release.xcconfig */ = {isa = PBXFileReference; includeInIndex = 1; lastKnownFileType = text.xcconfig; name = "Pods-OpenArt-OpenArtTests.release.xcconfig"; path = "Target Support Files/Pods-OpenArt-OpenArtTests/Pods-OpenArt-OpenArtTests.release.xcconfig"; sourceTree = "<group>"; };
		6914303CFEBB4A3CA7AD3EAE /* Epilogue-ExtraBold.ttf */ = {isa = PBXFileReference; explicitFileType = undefined; fileEncoding = 9; includeInIndex = 0; lastKnownFileType = unknown; name = "Epilogue-ExtraBold.ttf"; path = "../src/assets/fonts/Epilogue-ExtraBold.ttf"; sourceTree = "<group>"; };
		7C8EAFBC8BBC457BA8CA7E24 /* Epilogue-ThinItalic.ttf */ = {isa = PBXFileReference; explicitFileType = undefined; fileEncoding = 9; includeInIndex = 0; lastKnownFileType = unknown; name = "Epilogue-ThinItalic.ttf"; path = "../src/assets/fonts/Epilogue-ThinItalic.ttf"; sourceTree = "<group>"; };
		81AB9BB72411601600AC10FF /* LaunchScreen.storyboard */ = {isa = PBXFileReference; fileEncoding = 4; lastKnownFileType = file.storyboard; name = LaunchScreen.storyboard; path = OpenArt/LaunchScreen.storyboard; sourceTree = "<group>"; };
		8590B6FA50D74491B6750122 /* Epilogue-Italic.ttf */ = {isa = PBXFileReference; explicitFileType = undefined; fileEncoding = 9; includeInIndex = 0; lastKnownFileType = unknown; name = "Epilogue-Italic.ttf"; path = "../src/assets/fonts/Epilogue-Italic.ttf"; sourceTree = "<group>"; };
		8A98BF2F1E90428087CB77A2 /* Epilogue-BlackItalic.ttf */ = {isa = PBXFileReference; explicitFileType = undefined; fileEncoding = 9; includeInIndex = 0; lastKnownFileType = unknown; name = "Epilogue-BlackItalic.ttf"; path = "../src/assets/fonts/Epilogue-BlackItalic.ttf"; sourceTree = "<group>"; };
		9AB46E506F4B4B63B6EB599E /* Epilogue-Thin.ttf */ = {isa = PBXFileReference; explicitFileType = undefined; fileEncoding = 9; includeInIndex = 0; lastKnownFileType = unknown; name = "Epilogue-Thin.ttf"; path = "../src/assets/fonts/Epilogue-Thin.ttf"; sourceTree = "<group>"; };
		A01A82E106104A36B61BB8E4 /* Epilogue-SemiBoldItalic.ttf */ = {isa = PBXFileReference; explicitFileType = undefined; fileEncoding = 9; includeInIndex = 0; lastKnownFileType = unknown; name = "Epilogue-SemiBoldItalic.ttf"; path = "../src/assets/fonts/Epilogue-SemiBoldItalic.ttf"; sourceTree = "<group>"; };
		A60E44B117BF22148814BB26 /* Pods-OpenArt.debug.xcconfig */ = {isa = PBXFileReference; includeInIndex = 1; lastKnownFileType = text.xcconfig; name = "Pods-OpenArt.debug.xcconfig"; path = "Target Support Files/Pods-OpenArt/Pods-OpenArt.debug.xcconfig"; sourceTree = "<group>"; };
		A68C709904AB4BEAB94A020B /* Epilogue-Black.ttf */ = {isa = PBXFileReference; explicitFileType = undefined; fileEncoding = 9; includeInIndex = 0; lastKnownFileType = unknown; name = "Epilogue-Black.ttf"; path = "../src/assets/fonts/Epilogue-Black.ttf"; sourceTree = "<group>"; };
		AEF922085CB0AE81158C2C8B /* Pods-OpenArt.release.xcconfig */ = {isa = PBXFileReference; includeInIndex = 1; lastKnownFileType = text.xcconfig; name = "Pods-OpenArt.release.xcconfig"; path = "Target Support Files/Pods-OpenArt/Pods-OpenArt.release.xcconfig"; sourceTree = "<group>"; };
		B0A646C1C60047998E01CB44 /* Epilogue-LightItalic.ttf */ = {isa = PBXFileReference; explicitFileType = undefined; fileEncoding = 9; includeInIndex = 0; lastKnownFileType = unknown; name = "Epilogue-LightItalic.ttf"; path = "../src/assets/fonts/Epilogue-LightItalic.ttf"; sourceTree = "<group>"; };
		B3F43BFC1B3B477D86AC9D01 /* Epilogue-ExtraBoldItalic.ttf */ = {isa = PBXFileReference; explicitFileType = undefined; fileEncoding = 9; includeInIndex = 0; lastKnownFileType = unknown; name = "Epilogue-ExtraBoldItalic.ttf"; path = "../src/assets/fonts/Epilogue-ExtraBoldItalic.ttf"; sourceTree = "<group>"; };
		B5059E3A9F154203B29D85DF /* Epilogue-ExtraLight.ttf */ = {isa = PBXFileReference; explicitFileType = undefined; fileEncoding = 9; includeInIndex = 0; lastKnownFileType = unknown; name = "Epilogue-ExtraLight.ttf"; path = "../src/assets/fonts/Epilogue-ExtraLight.ttf"; sourceTree = "<group>"; };
		C80FCFEAA4DD4FF9BD2A5BEE /* Epilogue-SemiBold.ttf */ = {isa = PBXFileReference; explicitFileType = undefined; fileEncoding = 9; includeInIndex = 0; lastKnownFileType = unknown; name = "Epilogue-SemiBold.ttf"; path = "../src/assets/fonts/Epilogue-SemiBold.ttf"; sourceTree = "<group>"; };
		CD57E3495A468830424EA4BA /* libPods-OpenArt.a */ = {isa = PBXFileReference; explicitFileType = archive.ar; includeInIndex = 0; path = "libPods-OpenArt.a"; sourceTree = BUILT_PRODUCTS_DIR; };
		D982ED05E7D844FF84BFA6C8 /* Epilogue-ExtraLightItalic.ttf */ = {isa = PBXFileReference; explicitFileType = undefined; fileEncoding = 9; includeInIndex = 0; lastKnownFileType = unknown; name = "Epilogue-ExtraLightItalic.ttf"; path = "../src/assets/fonts/Epilogue-ExtraLightItalic.ttf"; sourceTree = "<group>"; };
		DA38C98C7BD74CAE8EBE62FD /* Epilogue-Bold.ttf */ = {isa = PBXFileReference; explicitFileType = undefined; fileEncoding = 9; includeInIndex = 0; lastKnownFileType = unknown; name = "Epilogue-Bold.ttf"; path = "../src/assets/fonts/Epilogue-Bold.ttf"; sourceTree = "<group>"; };
		ED297162215061F000B7C4FE /* JavaScriptCore.framework */ = {isa = PBXFileReference; lastKnownFileType = wrapper.framework; name = JavaScriptCore.framework; path = System/Library/Frameworks/JavaScriptCore.framework; sourceTree = SDKROOT; };
		F4CAF0A080C699B38FEF845F /* libPods-OpenArt-OpenArtTests.a */ = {isa = PBXFileReference; explicitFileType = archive.ar; includeInIndex = 0; path = "libPods-OpenArt-OpenArtTests.a"; sourceTree = BUILT_PRODUCTS_DIR; };
/* End PBXFileReference section */

/* Begin PBXFrameworksBuildPhase section */
		00E356EB1AD99517003FC87E /* Frameworks */ = {
			isa = PBXFrameworksBuildPhase;
			buildActionMask = 2147483647;
			files = (
				8691B66A6CF38274C46D1453 /* libPods-OpenArt-OpenArtTests.a in Frameworks */,
			);
			runOnlyForDeploymentPostprocessing = 0;
		};
		13B07F8C1A680F5B00A75B9A /* Frameworks */ = {
			isa = PBXFrameworksBuildPhase;
			buildActionMask = 2147483647;
			files = (
				72EAD569AFC37B289CB77D04 /* libPods-OpenArt.a in Frameworks */,
			);
			runOnlyForDeploymentPostprocessing = 0;
		};
/* End PBXFrameworksBuildPhase section */

/* Begin PBXGroup section */
		00E356EF1AD99517003FC87E /* OpenArtTests */ = {
			isa = PBXGroup;
			children = (
				00E356F21AD99517003FC87E /* OpenArtTests.m */,
				00E356F01AD99517003FC87E /* Supporting Files */,
			);
			path = OpenArtTests;
			sourceTree = "<group>";
		};
		00E356F01AD99517003FC87E /* Supporting Files */ = {
			isa = PBXGroup;
			children = (
				00E356F11AD99517003FC87E /* Info.plist */,
			);
			name = "Supporting Files";
			sourceTree = "<group>";
		};
		13B07FAE1A68108700A75B9A /* OpenArt */ = {
			isa = PBXGroup;
			children = (
				170228262ABC8FCA00D22C41 /* Fonts */,
				13B07FAF1A68108700A75B9A /* AppDelegate.h */,
				13B07FB01A68108700A75B9A /* AppDelegate.mm */,
				13B07FB51A68108700A75B9A /* Images.xcassets */,
				13B07FB61A68108700A75B9A /* Info.plist */,
				81AB9BB72411601600AC10FF /* LaunchScreen.storyboard */,
				13B07FB71A68108700A75B9A /* main.m */,
			);
			name = OpenArt;
			sourceTree = "<group>";
		};
		170228262ABC8FCA00D22C41 /* Fonts */ = {
			isa = PBXGroup;
			children = (
				170228272ABC8FCA00D22C41 /* Fontisto.ttf */,
				170228282ABC8FCA00D22C41 /* Octicons.ttf */,
				170228292ABC8FCA00D22C41 /* Feather.ttf */,
				1702282A2ABC8FCA00D22C41 /* FontAwesome6_Regular.ttf */,
				1702282B2ABC8FCA00D22C41 /* Entypo.ttf */,
				1702282C2ABC8FCA00D22C41 /* FontAwesome5_Brands.ttf */,
				1702282D2ABC8FCA00D22C41 /* MaterialCommunityIcons.ttf */,
				1702282E2ABC8FCA00D22C41 /* AntDesign.ttf */,
				1702282F2ABC8FCA00D22C41 /* Foundation.ttf */,
				170228302ABC8FCA00D22C41 /* Ionicons.ttf */,
				170228312ABC8FCA00D22C41 /* FontAwesome5_Solid.ttf */,
				170228322ABC8FCA00D22C41 /* FontAwesome5_Regular.ttf */,
				170228332ABC8FCA00D22C41 /* FontAwesome.ttf */,
				170228342ABC8FCA00D22C41 /* Zocial.ttf */,
				170228352ABC8FCA00D22C41 /* EvilIcons.ttf */,
				170228362ABC8FCA00D22C41 /* FontAwesome6_Solid.ttf */,
				170228372ABC8FCA00D22C41 /* SimpleLineIcons.ttf */,
				170228382ABC8FCA00D22C41 /* FontAwesome6_Brands.ttf */,
				170228392ABC8FCA00D22C41 /* MaterialIcons.ttf */,
			);
			name = Fonts;
			path = "../node_modules/react-native-vector-icons/Fonts";
			sourceTree = "<group>";
		};
		2D16E6871FA4F8E400B85C8A /* Frameworks */ = {
			isa = PBXGroup;
			children = (
				ED297162215061F000B7C4FE /* JavaScriptCore.framework */,
				CD57E3495A468830424EA4BA /* libPods-OpenArt.a */,
				F4CAF0A080C699B38FEF845F /* libPods-OpenArt-OpenArtTests.a */,
			);
			name = Frameworks;
			sourceTree = "<group>";
		};
		832341AE1AAA6A7D00B99B32 /* Libraries */ = {
			isa = PBXGroup;
			children = (
			);
			name = Libraries;
			sourceTree = "<group>";
		};
		83CBB9F61A601CBA00E9B192 = {
			isa = PBXGroup;
			children = (
				13B07FAE1A68108700A75B9A /* OpenArt */,
				832341AE1AAA6A7D00B99B32 /* Libraries */,
				00E356EF1AD99517003FC87E /* OpenArtTests */,
				83CBBA001A601CBA00E9B192 /* Products */,
				2D16E6871FA4F8E400B85C8A /* Frameworks */,
				BBD78D7AC51CEA395F1C20DB /* Pods */,
				BD9C584101BC4A2A93C89292 /* Resources */,
			);
			indentWidth = 2;
			sourceTree = "<group>";
			tabWidth = 2;
			usesTabs = 0;
		};
		83CBBA001A601CBA00E9B192 /* Products */ = {
			isa = PBXGroup;
			children = (
				13B07F961A680F5B00A75B9A /* OpenArt.app */,
				00E356EE1AD99517003FC87E /* OpenArtTests.xctest */,
			);
			name = Products;
			sourceTree = "<group>";
		};
		BBD78D7AC51CEA395F1C20DB /* Pods */ = {
			isa = PBXGroup;
			children = (
				A60E44B117BF22148814BB26 /* Pods-OpenArt.debug.xcconfig */,
				AEF922085CB0AE81158C2C8B /* Pods-OpenArt.release.xcconfig */,
				0D579011A6FCF8B1882E08A1 /* Pods-OpenArt-OpenArtTests.debug.xcconfig */,
				631FDEF73AA868CD744B2AD0 /* Pods-OpenArt-OpenArtTests.release.xcconfig */,
			);
			path = Pods;
			sourceTree = "<group>";
		};
		BD9C584101BC4A2A93C89292 /* Resources */ = {
			isa = PBXGroup;
			children = (
				A68C709904AB4BEAB94A020B /* Epilogue-Black.ttf */,
				DA38C98C7BD74CAE8EBE62FD /* Epilogue-Bold.ttf */,
				0E174835829B4CFFBE9322E5 /* Epilogue-BoldItalic.ttf */,
				6914303CFEBB4A3CA7AD3EAE /* Epilogue-ExtraBold.ttf */,
				B3F43BFC1B3B477D86AC9D01 /* Epilogue-ExtraBoldItalic.ttf */,
				B5059E3A9F154203B29D85DF /* Epilogue-ExtraLight.ttf */,
				D982ED05E7D844FF84BFA6C8 /* Epilogue-ExtraLightItalic.ttf */,
				8A98BF2F1E90428087CB77A2 /* Epilogue-BlackItalic.ttf */,
				7C8EAFBC8BBC457BA8CA7E24 /* Epilogue-ThinItalic.ttf */,
				8590B6FA50D74491B6750122 /* Epilogue-Italic.ttf */,
				131256D3B763429A91321FEE /* Epilogue-Light.ttf */,
				B0A646C1C60047998E01CB44 /* Epilogue-LightItalic.ttf */,
				3D2F47BB5AFD48EAB1C5653B /* Epilogue-Medium.ttf */,
				0FBEAFF971984117AE664A7B /* Epilogue-MediumItalic.ttf */,
				59FD7527F3A44FC291D11D4D /* Epilogue-Regular.ttf */,
				C80FCFEAA4DD4FF9BD2A5BEE /* Epilogue-SemiBold.ttf */,
				A01A82E106104A36B61BB8E4 /* Epilogue-SemiBoldItalic.ttf */,
				9AB46E506F4B4B63B6EB599E /* Epilogue-Thin.ttf */,
			);
			name = Resources;
			sourceTree = "<group>";
		};
/* End PBXGroup section */

/* Begin PBXNativeTarget section */
		00E356ED1AD99517003FC87E /* OpenArtTests */ = {
			isa = PBXNativeTarget;
			buildConfigurationList = 00E357021AD99517003FC87E /* Build configuration list for PBXNativeTarget "OpenArtTests" */;
			buildPhases = (
				D9A50792F2BA5C7C3EEB1740 /* [CP] Check Pods Manifest.lock */,
				00E356EA1AD99517003FC87E /* Sources */,
				00E356EB1AD99517003FC87E /* Frameworks */,
				00E356EC1AD99517003FC87E /* Resources */,
				F917E7DBC62FC5BBAA9FF6AE /* [CP] Embed Pods Frameworks */,
				9DC2D5C558839129575E2AA9 /* [CP] Copy Pods Resources */,
			);
			buildRules = (
			);
			dependencies = (
				00E356F51AD99517003FC87E /* PBXTargetDependency */,
			);
			name = OpenArtTests;
			productName = OpenArtTests;
			productReference = 00E356EE1AD99517003FC87E /* OpenArtTests.xctest */;
			productType = "com.apple.product-type.bundle.unit-test";
		};
		13B07F861A680F5B00A75B9A /* OpenArt */ = {
			isa = PBXNativeTarget;
			buildConfigurationList = 13B07F931A680F5B00A75B9A /* Build configuration list for PBXNativeTarget "OpenArt" */;
			buildPhases = (
				B5EF7F44570B9E634709EBDB /* [CP] Check Pods Manifest.lock */,
				FD10A7F022414F080027D42C /* Start Packager */,
				13B07F871A680F5B00A75B9A /* Sources */,
				13B07F8C1A680F5B00A75B9A /* Frameworks */,
				13B07F8E1A680F5B00A75B9A /* Resources */,
				00DD1BFF1BD5951E006B06BC /* Bundle React Native code and images */,
				24F6091E2CFAA31C5AE7F251 /* [CP] Embed Pods Frameworks */,
				7A07662774B4B35163A19F0F /* [CP] Copy Pods Resources */,
			);
			buildRules = (
			);
			dependencies = (
			);
			name = OpenArt;
			productName = OpenArt;
			productReference = 13B07F961A680F5B00A75B9A /* OpenArt.app */;
			productType = "com.apple.product-type.application";
		};
/* End PBXNativeTarget section */

/* Begin PBXProject section */
		83CBB9F71A601CBA00E9B192 /* Project object */ = {
			isa = PBXProject;
			attributes = {
				LastUpgradeCheck = 1210;
				TargetAttributes = {
					00E356ED1AD99517003FC87E = {
						CreatedOnToolsVersion = 6.2;
						TestTargetID = 13B07F861A680F5B00A75B9A;
					};
					13B07F861A680F5B00A75B9A = {
						LastSwiftMigration = 1120;
					};
				};
			};
			buildConfigurationList = 83CBB9FA1A601CBA00E9B192 /* Build configuration list for PBXProject "OpenArt" */;
			compatibilityVersion = "Xcode 12.0";
			developmentRegion = en;
			hasScannedForEncodings = 0;
			knownRegions = (
				en,
				Base,
			);
			mainGroup = 83CBB9F61A601CBA00E9B192;
			productRefGroup = 83CBBA001A601CBA00E9B192 /* Products */;
			projectDirPath = "";
			projectRoot = "";
			targets = (
				13B07F861A680F5B00A75B9A /* OpenArt */,
				00E356ED1AD99517003FC87E /* OpenArtTests */,
			);
		};
/* End PBXProject section */

/* Begin PBXResourcesBuildPhase section */
		00E356EC1AD99517003FC87E /* Resources */ = {
			isa = PBXResourcesBuildPhase;
			buildActionMask = 2147483647;
			files = (
			);
			runOnlyForDeploymentPostprocessing = 0;
		};
		13B07F8E1A680F5B00A75B9A /* Resources */ = {
			isa = PBXResourcesBuildPhase;
			buildActionMask = 2147483647;
			files = (
				1702283B2ABC8FCA00D22C41 /* Octicons.ttf in Resources */,
				81AB9BB82411601600AC10FF /* LaunchScreen.storyboard in Resources */,
				170228452ABC8FCA00D22C41 /* FontAwesome5_Regular.ttf in Resources */,
				170228482ABC8FCA00D22C41 /* EvilIcons.ttf in Resources */,
				170228412ABC8FCA00D22C41 /* AntDesign.ttf in Resources */,
				170228422ABC8FCA00D22C41 /* Foundation.ttf in Resources */,
				13B07FBF1A68108700A75B9A /* Images.xcassets in Resources */,
				170228442ABC8FCA00D22C41 /* FontAwesome5_Solid.ttf in Resources */,
				9F9E8B61D4674DC1B02C30A6 /* Epilogue-Black.ttf in Resources */,
				83476114451D4C7BBB42DD2A /* Epilogue-BlackItalic.ttf in Resources */,
				1702283F2ABC8FCA00D22C41 /* FontAwesome5_Brands.ttf in Resources */,
				2C24884A50DF40C397F6FB2C /* Epilogue-Bold.ttf in Resources */,
				64FDA492B3FB44F6AF9C8143 /* Epilogue-BoldItalic.ttf in Resources */,
				1702283A2ABC8FCA00D22C41 /* Fontisto.ttf in Resources */,
				BA0D48CF60B44F9292BBFFD8 /* Epilogue-ExtraBold.ttf in Resources */,
				7A17920CB2024D848DA7D54C /* Epilogue-ExtraBoldItalic.ttf in Resources */,
				8754AF527B994DF5892C1B7B /* Epilogue-ExtraLight.ttf in Resources */,
				1702284C2ABC8FCA00D22C41 /* MaterialIcons.ttf in Resources */,
				1702283D2ABC8FCA00D22C41 /* FontAwesome6_Regular.ttf in Resources */,
				1702284A2ABC8FCA00D22C41 /* SimpleLineIcons.ttf in Resources */,
				A4CE5582F0CA41A697A1CDC3 /* Epilogue-ExtraLightItalic.ttf in Resources */,
				D003039B671B40CDA9F52CC1 /* Epilogue-Italic.ttf in Resources */,
				6C3A29E4654F44C7B45C9676 /* Epilogue-Light.ttf in Resources */,
				1702284B2ABC8FCA00D22C41 /* FontAwesome6_Brands.ttf in Resources */,
				6014BE2A0A0B4355803DCFC8 /* Epilogue-LightItalic.ttf in Resources */,
				1702283C2ABC8FCA00D22C41 /* Feather.ttf in Resources */,
				170228432ABC8FCA00D22C41 /* Ionicons.ttf in Resources */,
				170228462ABC8FCA00D22C41 /* FontAwesome.ttf in Resources */,
				EE6E446753EE4F42ADE00D78 /* Epilogue-Medium.ttf in Resources */,
				1702283E2ABC8FCA00D22C41 /* Entypo.ttf in Resources */,
				C32A890D1AB54800B4124932 /* Epilogue-MediumItalic.ttf in Resources */,
				B1F8EB8D8E364F3BB091A862 /* Epilogue-Regular.ttf in Resources */,
				F2A7565AA51A4141AC71E3BE /* Epilogue-SemiBold.ttf in Resources */,
				C7736EF3BB154623BE65492D /* Epilogue-SemiBoldItalic.ttf in Resources */,
				7B81AD28DF434F42A0A26224 /* Epilogue-Thin.ttf in Resources */,
				170228402ABC8FCA00D22C41 /* MaterialCommunityIcons.ttf in Resources */,
				170228472ABC8FCA00D22C41 /* Zocial.ttf in Resources */,
				170228492ABC8FCA00D22C41 /* FontAwesome6_Solid.ttf in Resources */,
				861C312226AB4CBABBC0A82E /* Epilogue-ThinItalic.ttf in Resources */,
			);
			runOnlyForDeploymentPostprocessing = 0;
		};
/* End PBXResourcesBuildPhase section */

/* Begin PBXShellScriptBuildPhase section */
		00DD1BFF1BD5951E006B06BC /* Bundle React Native code and images */ = {
			isa = PBXShellScriptBuildPhase;
			buildActionMask = 2147483647;
			files = (
			);
			inputPaths = (
				"$(SRCROOT)/.xcode.env.local",
				"$(SRCROOT)/.xcode.env",
			);
			name = "Bundle React Native code and images";
			outputPaths = (
			);
			runOnlyForDeploymentPostprocessing = 0;
			shellPath = /bin/sh;
			shellScript = "set -e\n\nWITH_ENVIRONMENT=\"../node_modules/react-native/scripts/xcode/with-environment.sh\"\nREACT_NATIVE_XCODE=\"../node_modules/react-native/scripts/react-native-xcode.sh\"\n\n/bin/sh -c \"$WITH_ENVIRONMENT $REACT_NATIVE_XCODE\"\n";
		};
		24F6091E2CFAA31C5AE7F251 /* [CP] Embed Pods Frameworks */ = {
			isa = PBXShellScriptBuildPhase;
			buildActionMask = 2147483647;
			files = (
			);
			inputFileListPaths = (
				"${PODS_ROOT}/Target Support Files/Pods-OpenArt/Pods-OpenArt-frameworks-${CONFIGURATION}-input-files.xcfilelist",
			);
			name = "[CP] Embed Pods Frameworks";
			outputFileListPaths = (
				"${PODS_ROOT}/Target Support Files/Pods-OpenArt/Pods-OpenArt-frameworks-${CONFIGURATION}-output-files.xcfilelist",
			);
			runOnlyForDeploymentPostprocessing = 0;
			shellPath = /bin/sh;
			shellScript = "\"${PODS_ROOT}/Target Support Files/Pods-OpenArt/Pods-OpenArt-frameworks.sh\"\n";
			showEnvVarsInLog = 0;
		};
		7A07662774B4B35163A19F0F /* [CP] Copy Pods Resources */ = {
			isa = PBXShellScriptBuildPhase;
			buildActionMask = 2147483647;
			files = (
			);
			inputFileListPaths = (
				"${PODS_ROOT}/Target Support Files/Pods-OpenArt/Pods-OpenArt-resources-${CONFIGURATION}-input-files.xcfilelist",
			);
			name = "[CP] Copy Pods Resources";
			outputFileListPaths = (
				"${PODS_ROOT}/Target Support Files/Pods-OpenArt/Pods-OpenArt-resources-${CONFIGURATION}-output-files.xcfilelist",
			);
			runOnlyForDeploymentPostprocessing = 0;
			shellPath = /bin/sh;
			shellScript = "\"${PODS_ROOT}/Target Support Files/Pods-OpenArt/Pods-OpenArt-resources.sh\"\n";
			showEnvVarsInLog = 0;
		};
		9DC2D5C558839129575E2AA9 /* [CP] Copy Pods Resources */ = {
			isa = PBXShellScriptBuildPhase;
			buildActionMask = 2147483647;
			files = (
			);
			inputFileListPaths = (
				"${PODS_ROOT}/Target Support Files/Pods-OpenArt-OpenArtTests/Pods-OpenArt-OpenArtTests-resources-${CONFIGURATION}-input-files.xcfilelist",
			);
			name = "[CP] Copy Pods Resources";
			outputFileListPaths = (
				"${PODS_ROOT}/Target Support Files/Pods-OpenArt-OpenArtTests/Pods-OpenArt-OpenArtTests-resources-${CONFIGURATION}-output-files.xcfilelist",
			);
			runOnlyForDeploymentPostprocessing = 0;
			shellPath = /bin/sh;
			shellScript = "\"${PODS_ROOT}/Target Support Files/Pods-OpenArt-OpenArtTests/Pods-OpenArt-OpenArtTests-resources.sh\"\n";
			showEnvVarsInLog = 0;
		};
		B5EF7F44570B9E634709EBDB /* [CP] Check Pods Manifest.lock */ = {
			isa = PBXShellScriptBuildPhase;
			buildActionMask = 2147483647;
			files = (
			);
			inputFileListPaths = (
			);
			inputPaths = (
				"${PODS_PODFILE_DIR_PATH}/Podfile.lock",
				"${PODS_ROOT}/Manifest.lock",
			);
			name = "[CP] Check Pods Manifest.lock";
			outputFileListPaths = (
			);
			outputPaths = (
				"$(DERIVED_FILE_DIR)/Pods-OpenArt-checkManifestLockResult.txt",
			);
			runOnlyForDeploymentPostprocessing = 0;
			shellPath = /bin/sh;
			shellScript = "diff \"${PODS_PODFILE_DIR_PATH}/Podfile.lock\" \"${PODS_ROOT}/Manifest.lock\" > /dev/null\nif [ $? != 0 ] ; then\n    # print error to STDERR\n    echo \"error: The sandbox is not in sync with the Podfile.lock. Run 'pod install' or update your CocoaPods installation.\" >&2\n    exit 1\nfi\n# This output is used by Xcode 'outputs' to avoid re-running this script phase.\necho \"SUCCESS\" > \"${SCRIPT_OUTPUT_FILE_0}\"\n";
			showEnvVarsInLog = 0;
		};
		D9A50792F2BA5C7C3EEB1740 /* [CP] Check Pods Manifest.lock */ = {
			isa = PBXShellScriptBuildPhase;
			buildActionMask = 2147483647;
			files = (
			);
			inputFileListPaths = (
			);
			inputPaths = (
				"${PODS_PODFILE_DIR_PATH}/Podfile.lock",
				"${PODS_ROOT}/Manifest.lock",
			);
			name = "[CP] Check Pods Manifest.lock";
			outputFileListPaths = (
			);
			outputPaths = (
				"$(DERIVED_FILE_DIR)/Pods-OpenArt-OpenArtTests-checkManifestLockResult.txt",
			);
			runOnlyForDeploymentPostprocessing = 0;
			shellPath = /bin/sh;
			shellScript = "diff \"${PODS_PODFILE_DIR_PATH}/Podfile.lock\" \"${PODS_ROOT}/Manifest.lock\" > /dev/null\nif [ $? != 0 ] ; then\n    # print error to STDERR\n    echo \"error: The sandbox is not in sync with the Podfile.lock. Run 'pod install' or update your CocoaPods installation.\" >&2\n    exit 1\nfi\n# This output is used by Xcode 'outputs' to avoid re-running this script phase.\necho \"SUCCESS\" > \"${SCRIPT_OUTPUT_FILE_0}\"\n";
			showEnvVarsInLog = 0;
		};
		F917E7DBC62FC5BBAA9FF6AE /* [CP] Embed Pods Frameworks */ = {
			isa = PBXShellScriptBuildPhase;
			buildActionMask = 2147483647;
			files = (
			);
			inputFileListPaths = (
				"${PODS_ROOT}/Target Support Files/Pods-OpenArt-OpenArtTests/Pods-OpenArt-OpenArtTests-frameworks-${CONFIGURATION}-input-files.xcfilelist",
			);
			name = "[CP] Embed Pods Frameworks";
			outputFileListPaths = (
				"${PODS_ROOT}/Target Support Files/Pods-OpenArt-OpenArtTests/Pods-OpenArt-OpenArtTests-frameworks-${CONFIGURATION}-output-files.xcfilelist",
			);
			runOnlyForDeploymentPostprocessing = 0;
			shellPath = /bin/sh;
			shellScript = "\"${PODS_ROOT}/Target Support Files/Pods-OpenArt-OpenArtTests/Pods-OpenArt-OpenArtTests-frameworks.sh\"\n";
			showEnvVarsInLog = 0;
		};
		FD10A7F022414F080027D42C /* Start Packager */ = {
			isa = PBXShellScriptBuildPhase;
			buildActionMask = 2147483647;
			files = (
			);
			inputFileListPaths = (
			);
			inputPaths = (
			);
			name = "Start Packager";
			outputFileListPaths = (
			);
			outputPaths = (
			);
			runOnlyForDeploymentPostprocessing = 0;
			shellPath = /bin/sh;
			shellScript = "export RCT_METRO_PORT=\"${RCT_METRO_PORT:=8081}\"\necho \"export RCT_METRO_PORT=${RCT_METRO_PORT}\" > \"${SRCROOT}/../node_modules/react-native/scripts/.packager.env\"\nif [ -z \"${RCT_NO_LAUNCH_PACKAGER+xxx}\" ] ; then\n  if nc -w 5 -z localhost ${RCT_METRO_PORT} ; then\n    if ! curl -s \"http://localhost:${RCT_METRO_PORT}/status\" | grep -q \"packager-status:running\" ; then\n      echo \"Port ${RCT_METRO_PORT} already in use, packager is either not running or not running correctly\"\n      exit 2\n    fi\n  else\n    open \"$SRCROOT/../node_modules/react-native/scripts/launchPackager.command\" || echo \"Can't start packager automatically\"\n  fi\nfi\n";
			showEnvVarsInLog = 0;
		};
/* End PBXShellScriptBuildPhase section */

/* Begin PBXSourcesBuildPhase section */
		00E356EA1AD99517003FC87E /* Sources */ = {
			isa = PBXSourcesBuildPhase;
			buildActionMask = 2147483647;
			files = (
				00E356F31AD99517003FC87E /* OpenArtTests.m in Sources */,
			);
			runOnlyForDeploymentPostprocessing = 0;
		};
		13B07F871A680F5B00A75B9A /* Sources */ = {
			isa = PBXSourcesBuildPhase;
			buildActionMask = 2147483647;
			files = (
				13B07FBC1A68108700A75B9A /* AppDelegate.mm in Sources */,
				13B07FC11A68108700A75B9A /* main.m in Sources */,
			);
			runOnlyForDeploymentPostprocessing = 0;
		};
/* End PBXSourcesBuildPhase section */

/* Begin PBXTargetDependency section */
		00E356F51AD99517003FC87E /* PBXTargetDependency */ = {
			isa = PBXTargetDependency;
			target = 13B07F861A680F5B00A75B9A /* OpenArt */;
			targetProxy = 00E356F41AD99517003FC87E /* PBXContainerItemProxy */;
		};
/* End PBXTargetDependency section */

/* Begin XCBuildConfiguration section */
		00E356F61AD99517003FC87E /* Debug */ = {
			isa = XCBuildConfiguration;
			baseConfigurationReference = 0D579011A6FCF8B1882E08A1 /* Pods-OpenArt-OpenArtTests.debug.xcconfig */;
			buildSettings = {
				BUNDLE_LOADER = "$(TEST_HOST)";
				GCC_PREPROCESSOR_DEFINITIONS = (
					"DEBUG=1",
					"$(inherited)",
				);
				INFOPLIST_FILE = OpenArtTests/Info.plist;
				IPHONEOS_DEPLOYMENT_TARGET = 12.4;
				LD_RUNPATH_SEARCH_PATHS = (
					"$(inherited)",
					"@executable_path/Frameworks",
					"@loader_path/Frameworks",
				);
				OTHER_LDFLAGS = (
					"-ObjC",
					"-lc++",
					"$(inherited)",
				);
				PRODUCT_BUNDLE_IDENTIFIER = "org.reactjs.native.example.$(PRODUCT_NAME:rfc1034identifier)";
				PRODUCT_NAME = "$(TARGET_NAME)";
				TEST_HOST = "$(BUILT_PRODUCTS_DIR)/OpenArt.app/OpenArt";
			};
			name = Debug;
		};
		00E356F71AD99517003FC87E /* Release */ = {
			isa = XCBuildConfiguration;
			baseConfigurationReference = 631FDEF73AA868CD744B2AD0 /* Pods-OpenArt-OpenArtTests.release.xcconfig */;
			buildSettings = {
				BUNDLE_LOADER = "$(TEST_HOST)";
				COPY_PHASE_STRIP = NO;
				INFOPLIST_FILE = OpenArtTests/Info.plist;
				IPHONEOS_DEPLOYMENT_TARGET = 12.4;
				LD_RUNPATH_SEARCH_PATHS = (
					"$(inherited)",
					"@executable_path/Frameworks",
					"@loader_path/Frameworks",
				);
				OTHER_LDFLAGS = (
					"-ObjC",
					"-lc++",
					"$(inherited)",
				);
				PRODUCT_BUNDLE_IDENTIFIER = "org.reactjs.native.example.$(PRODUCT_NAME:rfc1034identifier)";
				PRODUCT_NAME = "$(TARGET_NAME)";
				TEST_HOST = "$(BUILT_PRODUCTS_DIR)/OpenArt.app/OpenArt";
			};
			name = Release;
		};
		13B07F941A680F5B00A75B9A /* Debug */ = {
			isa = XCBuildConfiguration;
			baseConfigurationReference = A60E44B117BF22148814BB26 /* Pods-OpenArt.debug.xcconfig */;
			buildSettings = {
				ASSETCATALOG_COMPILER_APPICON_NAME = AppIcon;
				CLANG_ENABLE_MODULES = YES;
				CURRENT_PROJECT_VERSION = 1;
				ENABLE_BITCODE = NO;
				INFOPLIST_FILE = OpenArt/Info.plist;
				LD_RUNPATH_SEARCH_PATHS = (
					"$(inherited)",
					"@executable_path/Frameworks",
				);
				MARKETING_VERSION = 1.0;
				OTHER_LDFLAGS = (
					"$(inherited)",
					"-ObjC",
					"-lc++",
				);
				PRODUCT_BUNDLE_IDENTIFIER = "org.reactjs.native.example.$(PRODUCT_NAME:rfc1034identifier)";
				PRODUCT_NAME = OpenArt;
				SWIFT_OPTIMIZATION_LEVEL = "-Onone";
				SWIFT_VERSION = 5.0;
				VERSIONING_SYSTEM = "apple-generic";
			};
			name = Debug;
		};
		13B07F951A680F5B00A75B9A /* Release */ = {
			isa = XCBuildConfiguration;
			baseConfigurationReference = AEF922085CB0AE81158C2C8B /* Pods-OpenArt.release.xcconfig */;
			buildSettings = {
				ASSETCATALOG_COMPILER_APPICON_NAME = AppIcon;
				CLANG_ENABLE_MODULES = YES;
				CURRENT_PROJECT_VERSION = 1;
				INFOPLIST_FILE = OpenArt/Info.plist;
				LD_RUNPATH_SEARCH_PATHS = (
					"$(inherited)",
					"@executable_path/Frameworks",
				);
				MARKETING_VERSION = 1.0;
				OTHER_LDFLAGS = (
					"$(inherited)",
					"-ObjC",
					"-lc++",
				);
				PRODUCT_BUNDLE_IDENTIFIER = "org.reactjs.native.example.$(PRODUCT_NAME:rfc1034identifier)";
				PRODUCT_NAME = OpenArt;
				SWIFT_VERSION = 5.0;
				VERSIONING_SYSTEM = "apple-generic";
			};
			name = Release;
		};
		83CBBA201A601CBA00E9B192 /* Debug */ = {
			isa = XCBuildConfiguration;
			buildSettings = {
				ALWAYS_SEARCH_USER_PATHS = NO;
				CLANG_ANALYZER_LOCALIZABILITY_NONLOCALIZED = YES;
				CLANG_CXX_LANGUAGE_STANDARD = "c++17";
				CLANG_CXX_LIBRARY = "libc++";
				CLANG_ENABLE_MODULES = YES;
				CLANG_ENABLE_OBJC_ARC = YES;
				CLANG_WARN_BLOCK_CAPTURE_AUTORELEASING = YES;
				CLANG_WARN_BOOL_CONVERSION = YES;
				CLANG_WARN_COMMA = YES;
				CLANG_WARN_CONSTANT_CONVERSION = YES;
				CLANG_WARN_DEPRECATED_OBJC_IMPLEMENTATIONS = YES;
				CLANG_WARN_DIRECT_OBJC_ISA_USAGE = YES_ERROR;
				CLANG_WARN_EMPTY_BODY = YES;
				CLANG_WARN_ENUM_CONVERSION = YES;
				CLANG_WARN_INFINITE_RECURSION = YES;
				CLANG_WARN_INT_CONVERSION = YES;
				CLANG_WARN_NON_LITERAL_NULL_CONVERSION = YES;
				CLANG_WARN_OBJC_IMPLICIT_RETAIN_SELF = YES;
				CLANG_WARN_OBJC_LITERAL_CONVERSION = YES;
				CLANG_WARN_OBJC_ROOT_CLASS = YES_ERROR;
				CLANG_WARN_QUOTED_INCLUDE_IN_FRAMEWORK_HEADER = YES;
				CLANG_WARN_RANGE_LOOP_ANALYSIS = YES;
				CLANG_WARN_STRICT_PROTOTYPES = YES;
				CLANG_WARN_SUSPICIOUS_MOVE = YES;
				CLANG_WARN_UNREACHABLE_CODE = YES;
				CLANG_WARN__DUPLICATE_METHOD_MATCH = YES;
				"CODE_SIGN_IDENTITY[sdk=iphoneos*]" = "iPhone Developer";
				COPY_PHASE_STRIP = NO;
				ENABLE_STRICT_OBJC_MSGSEND = YES;
				ENABLE_TESTABILITY = YES;
				"EXCLUDED_ARCHS[sdk=iphonesimulator*]" = i386;
				GCC_C_LANGUAGE_STANDARD = gnu99;
				GCC_DYNAMIC_NO_PIC = NO;
				GCC_NO_COMMON_BLOCKS = YES;
				GCC_OPTIMIZATION_LEVEL = 0;
				GCC_PREPROCESSOR_DEFINITIONS = (
					"DEBUG=1",
					"$(inherited)",
				);
				GCC_SYMBOLS_PRIVATE_EXTERN = NO;
				GCC_WARN_64_TO_32_BIT_CONVERSION = YES;
				GCC_WARN_ABOUT_RETURN_TYPE = YES_ERROR;
				GCC_WARN_UNDECLARED_SELECTOR = YES;
				GCC_WARN_UNINITIALIZED_AUTOS = YES_AGGRESSIVE;
				GCC_WARN_UNUSED_FUNCTION = YES;
				GCC_WARN_UNUSED_VARIABLE = YES;
				IPHONEOS_DEPLOYMENT_TARGET = 12.4;
				LD_RUNPATH_SEARCH_PATHS = (
					/usr/lib/swift,
					"$(inherited)",
				);
				LIBRARY_SEARCH_PATHS = (
					"\"$(SDKROOT)/usr/lib/swift\"",
					"\"$(TOOLCHAIN_DIR)/usr/lib/swift/$(PLATFORM_NAME)\"",
					"\"$(inherited)\"",
				);
				MTL_ENABLE_DEBUG_INFO = YES;
				ONLY_ACTIVE_ARCH = YES;
				OTHER_CPLUSPLUSFLAGS = (
					"$(OTHER_CFLAGS)",
					"-DFOLLY_NO_CONFIG",
					"-DFOLLY_MOBILE=1",
					"-DFOLLY_USE_LIBCPP=1",
				);
				REACT_NATIVE_PATH = "${PODS_ROOT}/../../node_modules/react-native";
				SDKROOT = iphoneos;
			};
			name = Debug;
		};
		83CBBA211A601CBA00E9B192 /* Release */ = {
			isa = XCBuildConfiguration;
			buildSettings = {
				ALWAYS_SEARCH_USER_PATHS = NO;
				CLANG_ANALYZER_LOCALIZABILITY_NONLOCALIZED = YES;
				CLANG_CXX_LANGUAGE_STANDARD = "c++17";
				CLANG_CXX_LIBRARY = "libc++";
				CLANG_ENABLE_MODULES = YES;
				CLANG_ENABLE_OBJC_ARC = YES;
				CLANG_WARN_BLOCK_CAPTURE_AUTORELEASING = YES;
				CLANG_WARN_BOOL_CONVERSION = YES;
				CLANG_WARN_COMMA = YES;
				CLANG_WARN_CONSTANT_CONVERSION = YES;
				CLANG_WARN_DEPRECATED_OBJC_IMPLEMENTATIONS = YES;
				CLANG_WARN_DIRECT_OBJC_ISA_USAGE = YES_ERROR;
				CLANG_WARN_EMPTY_BODY = YES;
				CLANG_WARN_ENUM_CONVERSION = YES;
				CLANG_WARN_INFINITE_RECURSION = YES;
				CLANG_WARN_INT_CONVERSION = YES;
				CLANG_WARN_NON_LITERAL_NULL_CONVERSION = YES;
				CLANG_WARN_OBJC_IMPLICIT_RETAIN_SELF = YES;
				CLANG_WARN_OBJC_LITERAL_CONVERSION = YES;
				CLANG_WARN_OBJC_ROOT_CLASS = YES_ERROR;
				CLANG_WARN_QUOTED_INCLUDE_IN_FRAMEWORK_HEADER = YES;
				CLANG_WARN_RANGE_LOOP_ANALYSIS = YES;
				CLANG_WARN_STRICT_PROTOTYPES = YES;
				CLANG_WARN_SUSPICIOUS_MOVE = YES;
				CLANG_WARN_UNREACHABLE_CODE = YES;
				CLANG_WARN__DUPLICATE_METHOD_MATCH = YES;
				"CODE_SIGN_IDENTITY[sdk=iphoneos*]" = "iPhone Developer";
				COPY_PHASE_STRIP = YES;
				ENABLE_NS_ASSERTIONS = NO;
				ENABLE_STRICT_OBJC_MSGSEND = YES;
				"EXCLUDED_ARCHS[sdk=iphonesimulator*]" = i386;
				GCC_C_LANGUAGE_STANDARD = gnu99;
				GCC_NO_COMMON_BLOCKS = YES;
				GCC_WARN_64_TO_32_BIT_CONVERSION = YES;
				GCC_WARN_ABOUT_RETURN_TYPE = YES_ERROR;
				GCC_WARN_UNDECLARED_SELECTOR = YES;
				GCC_WARN_UNINITIALIZED_AUTOS = YES_AGGRESSIVE;
				GCC_WARN_UNUSED_FUNCTION = YES;
				GCC_WARN_UNUSED_VARIABLE = YES;
				IPHONEOS_DEPLOYMENT_TARGET = 12.4;
				LD_RUNPATH_SEARCH_PATHS = (
					/usr/lib/swift,
					"$(inherited)",
				);
				LIBRARY_SEARCH_PATHS = (
					"\"$(SDKROOT)/usr/lib/swift\"",
					"\"$(TOOLCHAIN_DIR)/usr/lib/swift/$(PLATFORM_NAME)\"",
					"\"$(inherited)\"",
				);
				MTL_ENABLE_DEBUG_INFO = NO;
				OTHER_CPLUSPLUSFLAGS = (
					"$(OTHER_CFLAGS)",
					"-DFOLLY_NO_CONFIG",
					"-DFOLLY_MOBILE=1",
					"-DFOLLY_USE_LIBCPP=1",
				);
				REACT_NATIVE_PATH = "${PODS_ROOT}/../../node_modules/react-native";
				SDKROOT = iphoneos;
				VALIDATE_PRODUCT = YES;
			};
			name = Release;
		};
/* End XCBuildConfiguration section */

/* Begin XCConfigurationList section */
		00E357021AD99517003FC87E /* Build configuration list for PBXNativeTarget "OpenArtTests" */ = {
			isa = XCConfigurationList;
			buildConfigurations = (
				00E356F61AD99517003FC87E /* Debug */,
				00E356F71AD99517003FC87E /* Release */,
			);
			defaultConfigurationIsVisible = 0;
			defaultConfigurationName = Release;
		};
		13B07F931A680F5B00A75B9A /* Build configuration list for PBXNativeTarget "OpenArt" */ = {
			isa = XCConfigurationList;
			buildConfigurations = (
				13B07F941A680F5B00A75B9A /* Debug */,
				13B07F951A680F5B00A75B9A /* Release */,
			);
			defaultConfigurationIsVisible = 0;
			defaultConfigurationName = Release;
		};
		83CBB9FA1A601CBA00E9B192 /* Build configuration list for PBXProject "OpenArt" */ = {
			isa = XCConfigurationList;
			buildConfigurations = (
				83CBBA201A601CBA00E9B192 /* Debug */,
				83CBBA211A601CBA00E9B192 /* Release */,
			);
			defaultConfigurationIsVisible = 0;
			defaultConfigurationName = Release;
		};
/* End XCConfigurationList section */
	};
	rootObject = 83CBB9F71A601CBA00E9B192 /* Project object */;
}
